
Microsoft Visual Studio Solution File, Format Version 12.00
# Visual Studio Version 16
VisualStudioVersion = 16.0.29920.165
MinimumVisualStudioVersion = 10.0.40219.1
Project("{FAE04EC0-301F-11D3-BF4B-00C04F79EFBC}") = "StudentApp", "StudentApp.csproj", "{37BF35E1-FC38-48C0-8611-73317F76E9B8}"
EndProject
Global
	GlobalSection(SolutionConfigurationPlatforms) = preSolution
		Debug|Any CPU = Debug|Any CPU
		Release|Any CPU = Release|Any CPU
	EndGlobalSection
	GlobalSection(ProjectConfigurationPlatforms) = postSolution
		{37BF35E1-FC38-48C0-8611-73317F76E9B8}.Debug|Any CPU.ActiveCfg = Debug|Any CPU
		{37BF35E1-FC38-48C0-8611-73317F76E9B8}.Debug|Any CPU.Build.0 = Debug|Any CPU
		{37BF35E1-FC38-48C0-8611-73317F76E9B8}.Release|Any CPU.ActiveCfg = Release|Any CPU
		{37BF35E1-FC38-48C0-8611-73317F76E9B8}.Release|Any CPU.Build.0 = Release|Any CPU
	EndGlobalSection
	GlobalSection(SolutionProperties) = preSolution
		HideSolutionNode = FALSE
	EndGlobalSection
	GlobalSection(ExtensibilityGlobals) = postSolution
		SolutionGuid = {ADE034EF-8A97-4F98-9CA6-F08ADA7E23E9}
	EndGlobalSection
EndGlobal
